
Microsoft Visual Studio Solution File, Format Version 12.00
# Visual Studio Version 16
VisualStudioVersion = 16.0.29709.97
MinimumVisualStudioVersion = 10.0.40219.1
Project("{8BC9CEB8-8B4A-11D0-8D11-00A0C91BC942}") = "Lecture3", "Lecture3.vcxproj", "{14C99F14-04F1-4A51-BE1E-15B1EB13FBAE}"
EndProject
Global
	GlobalSection(SolutionConfigurationPlatforms) = preSolution
		Debug|x64 = Debug|x64
		Debug|x86 = Debug|x86
		Release|x64 = Release|x64
		Release|x86 = Release|x86
	EndGlobalSection
	GlobalSection(ProjectConfigurationPlatforms) = postSolution
		{14C99F14-04F1-4A51-BE1E-15B1EB13FBAE}.Debug|x64.ActiveCfg = Debug|x64
		{14C99F14-04F1-4A51-BE1E-15B1EB13FBAE}.Debug|x64.Build.0 = Debug|x64
		{14C99F14-04F1-4A51-BE1E-15B1EB13FBAE}.Debug|x86.ActiveCfg = Debug|Win32
		{14C99F14-04F1-4A51-BE1E-15B1EB13FBAE}.Debug|x86.Build.0 = Debug|Win32
		{14C99F14-04F1-4A51-BE1E-15B1EB13FBAE}.Release|x64.ActiveCfg = Release|x64
		{14C99F14-04F1-4A51-BE1E-15B1EB13FBAE}.Release|x64.Build.0 = Release|x64
		{14C99F14-04F1-4A51-BE1E-15B1EB13FBAE}.Release|x86.ActiveCfg = Release|Win32
		{14C99F14-04F1-4A51-BE1E-15B1EB13FBAE}.Release|x86.Build.0 = Release|Win32
	EndGlobalSection
	GlobalSection(SolutionProperties) = preSolution
		HideSolutionNode = FALSE
	EndGlobalSection
	GlobalSection(ExtensibilityGlobals) = postSolution
		SolutionGuid = {0A0C26D4-4F0D-4A9E-818E-8D43CED03A73}
	EndGlobalSection
EndGlobal
