
Microsoft Visual Studio Solution File, Format Version 12.00
# Visual Studio Version 16
VisualStudioVersion = 16.0.29709.97
MinimumVisualStudioVersion = 10.0.40219.1
Project("{8BC9CEB8-8B4A-11D0-8D11-00A0C91BC942}") = "Lecture6", "Lecture6.vcxproj", "{DC1ECB26-22D6-428A-B4C3-AB48763C5731}"
EndProject
Global
	GlobalSection(SolutionConfigurationPlatforms) = preSolution
		Debug|x64 = Debug|x64
		Debug|x86 = Debug|x86
		Release|x64 = Release|x64
		Release|x86 = Release|x86
	EndGlobalSection
	GlobalSection(ProjectConfigurationPlatforms) = postSolution
		{DC1ECB26-22D6-428A-B4C3-AB48763C5731}.Debug|x64.ActiveCfg = Debug|x64
		{DC1ECB26-22D6-428A-B4C3-AB48763C5731}.Debug|x64.Build.0 = Debug|x64
		{DC1ECB26-22D6-428A-B4C3-AB48763C5731}.Debug|x86.ActiveCfg = Debug|Win32
		{DC1ECB26-22D6-428A-B4C3-AB48763C5731}.Debug|x86.Build.0 = Debug|Win32
		{DC1ECB26-22D6-428A-B4C3-AB48763C5731}.Release|x64.ActiveCfg = Release|x64
		{DC1ECB26-22D6-428A-B4C3-AB48763C5731}.Release|x64.Build.0 = Release|x64
		{DC1ECB26-22D6-428A-B4C3-AB48763C5731}.Release|x86.ActiveCfg = Release|Win32
		{DC1ECB26-22D6-428A-B4C3-AB48763C5731}.Release|x86.Build.0 = Release|Win32
	EndGlobalSection
	GlobalSection(SolutionProperties) = preSolution
		HideSolutionNode = FALSE
	EndGlobalSection
	GlobalSection(ExtensibilityGlobals) = postSolution
		SolutionGuid = {FB030FBD-347F-4021-98C2-D3DA10FCB47C}
	EndGlobalSection
EndGlobal
